
Microsoft Visual Studio Solution File, Format Version 12.00
# Visual Studio Version 17
VisualStudioVersion = 17.8.34408.163
MinimumVisualStudioVersion = 10.0.40219.1
Project("{FAE04EC0-301F-11D3-BF4B-00C04F79EFBC}") = "Lab1 Final", "Lab1 Final.csproj", "{B5A60475-E543-4DE8-80B4-C02BC705D93F}"
EndProject
Global
	GlobalSection(SolutionConfigurationPlatforms) = preSolution
		Debug|Any CPU = Debug|Any CPU
		Release|Any CPU = Release|Any CPU
	EndGlobalSection
	GlobalSection(ProjectConfigurationPlatforms) = postSolution
		{B5A60475-E543-4DE8-80B4-C02BC705D93F}.Debug|Any CPU.ActiveCfg = Debug|Any CPU
		{B5A60475-E543-4DE8-80B4-C02BC705D93F}.Debug|Any CPU.Build.0 = Debug|Any CPU
		{B5A60475-E543-4DE8-80B4-C02BC705D93F}.Release|Any CPU.ActiveCfg = Release|Any CPU
		{B5A60475-E543-4DE8-80B4-C02BC705D93F}.Release|Any CPU.Build.0 = Release|Any CPU
	EndGlobalSection
	GlobalSection(SolutionProperties) = preSolution
		HideSolutionNode = FALSE
	EndGlobalSection
	GlobalSection(ExtensibilityGlobals) = postSolution
		SolutionGuid = {8BF5C7CC-5339-4F03-8B60-1C00ECF54D43}
	EndGlobalSection
EndGlobal
